# generated by rye
# use `rye lock` or `rye sync` to update this lockfile
#
# last locked with the following flags:
#   pre: false
#   features: []
#   all-features: false
#   with-sources: false

-e file:.
argon2-cffi==23.1.0
    # via backend
argon2-cffi-bindings==21.2.0
    # via argon2-cffi
certifi==2024.2.2
    # via requests
cffi==1.16.0
    # via argon2-cffi-bindings
charset-normalizer==3.3.2
    # via requests
idna==3.6
    # via requests
    # via whatwg-url
ipaddress==1.0.23
    # via whatwg-url
markdown-it-py==3.0.0
    # via rich
mdurl==0.1.2
    # via markdown-it-py
msgspec==0.18.6
    # via reproca
pycparser==2.22
    # via cffi
pygments==2.17.2
    # via rich
reproca @ file:///home/aspizu/Documents/Projects/reproca
    # via backend
requests==2.31.0
    # via backend
rich==13.7.1
    # via backend
six==1.16.0
    # via whatwg-url
urllib3==2.2.1
    # via requests
vald @ file:///home/aspizu/Documents/Projects/vald
    # via backend
whatwg-url==2018.8.26
    # via backend
    # via vald
